
Microsoft Visual Studio Solution File, Format Version 12.00
# Visual Studio Version 17
VisualStudioVersion = 17.14.36429.23 d17.14
MinimumVisualStudioVersion = 10.0.40219.1
Project("{FAE04EC0-301F-11D3-BF4B-00C04F79EFBC}") = "test_dewaCloud", "test_dewaCloud.csproj", "{B8E5B709-25B6-531B-572C-E36FA739862E}"
EndProject
Global
	GlobalSection(SolutionConfigurationPlatforms) = preSolution
		Debug|Any CPU = Debug|Any CPU
		Release|Any CPU = Release|Any CPU
	EndGlobalSection
	GlobalSection(ProjectConfigurationPlatforms) = postSolution
		{B8E5B709-25B6-531B-572C-E36FA739862E}.Debug|Any CPU.ActiveCfg = Debug|Any CPU
		{B8E5B709-25B6-531B-572C-E36FA739862E}.Debug|Any CPU.Build.0 = Debug|Any CPU
		{B8E5B709-25B6-531B-572C-E36FA739862E}.Release|Any CPU.ActiveCfg = Release|Any CPU
		{B8E5B709-25B6-531B-572C-E36FA739862E}.Release|Any CPU.Build.0 = Release|Any CPU
	EndGlobalSection
	GlobalSection(SolutionProperties) = preSolution
		HideSolutionNode = FALSE
	EndGlobalSection
	GlobalSection(ExtensibilityGlobals) = postSolution
		SolutionGuid = {D1E36490-896F-4AF1-8985-9D94594B8654}
	EndGlobalSection
EndGlobal
